
Microsoft Visual Studio Solution File, Format Version 12.00
# Visual Studio Version 17
VisualStudioVersion = 17.0.31912.275
MinimumVisualStudioVersion = 10.0.40219.1
Project("{2150E333-8FDC-42A3-9474-1A3956D46DE8}") = "Solution Items", "Solution Items", "{2FA1A6A2-09B8-4157-A533-16AA30B35C59}"
	ProjectSection(SolutionItems) = preProject
		.editorconfig = .editorconfig
	EndProjectSection
EndProject
Project("{FAE04EC0-301F-11D3-BF4B-00C04F79EFBC}") = "Challenge.Utils", "Challenge.Utils\Challenge.Utils.csproj", "{4FB58D3D-F7FD-4115-AA89-25D15049DEEF}"
EndProject
Project("{FAE04EC0-301F-11D3-BF4B-00C04F79EFBC}") = "Challenge.Maths", "Challenge.Maths\Challenge.Maths.csproj", "{B70BDEC8-920C-4873-B5E5-8141048881B3}"
EndProject
Project("{FAE04EC0-301F-11D3-BF4B-00C04F79EFBC}") = "Challenge.Collections", "Challenge.Collections\Challenge.Collections.csproj", "{7425645E-E876-4D6D-8460-9B6CDBD718F4}"
EndProject
Project("{FAE04EC0-301F-11D3-BF4B-00C04F79EFBC}") = "Challenge.Solvers", "Challenge.Solvers\Challenge.Solvers.csproj", "{1E2CC46E-E32C-40A6-AEA4-BEAE0C34A00D}"
EndProject
Global
	GlobalSection(SolutionConfigurationPlatforms) = preSolution
		Debug|x64 = Debug|x64
		Release|x64 = Release|x64
	EndGlobalSection
	GlobalSection(ProjectConfigurationPlatforms) = postSolution
		{4FB58D3D-F7FD-4115-AA89-25D15049DEEF}.Debug|x64.ActiveCfg = Debug|Any CPU
		{4FB58D3D-F7FD-4115-AA89-25D15049DEEF}.Debug|x64.Build.0 = Debug|Any CPU
		{4FB58D3D-F7FD-4115-AA89-25D15049DEEF}.Release|x64.ActiveCfg = Release|Any CPU
		{4FB58D3D-F7FD-4115-AA89-25D15049DEEF}.Release|x64.Build.0 = Release|Any CPU
		{B70BDEC8-920C-4873-B5E5-8141048881B3}.Debug|x64.ActiveCfg = Debug|Any CPU
		{B70BDEC8-920C-4873-B5E5-8141048881B3}.Debug|x64.Build.0 = Debug|Any CPU
		{B70BDEC8-920C-4873-B5E5-8141048881B3}.Release|x64.ActiveCfg = Release|Any CPU
		{B70BDEC8-920C-4873-B5E5-8141048881B3}.Release|x64.Build.0 = Release|Any CPU
		{7425645E-E876-4D6D-8460-9B6CDBD718F4}.Debug|x64.ActiveCfg = Debug|Any CPU
		{7425645E-E876-4D6D-8460-9B6CDBD718F4}.Debug|x64.Build.0 = Debug|Any CPU
		{7425645E-E876-4D6D-8460-9B6CDBD718F4}.Release|x64.ActiveCfg = Release|Any CPU
		{7425645E-E876-4D6D-8460-9B6CDBD718F4}.Release|x64.Build.0 = Release|Any CPU
		{1E2CC46E-E32C-40A6-AEA4-BEAE0C34A00D}.Debug|x64.ActiveCfg = Debug|Any CPU
		{1E2CC46E-E32C-40A6-AEA4-BEAE0C34A00D}.Debug|x64.Build.0 = Debug|Any CPU
		{1E2CC46E-E32C-40A6-AEA4-BEAE0C34A00D}.Release|x64.ActiveCfg = Release|Any CPU
		{1E2CC46E-E32C-40A6-AEA4-BEAE0C34A00D}.Release|x64.Build.0 = Release|Any CPU
	EndGlobalSection
	GlobalSection(SolutionProperties) = preSolution
		HideSolutionNode = FALSE
	EndGlobalSection
	GlobalSection(ExtensibilityGlobals) = postSolution
		SolutionGuid = {486D3CB4-B2BF-4008-B576-A0A6D108C45D}
	EndGlobalSection
EndGlobal
