<Solution>
  <Configurations>
    <Platform Name="x64" />
  </Configurations>
  <Folder Name="/Solution Items/">
    <File Path=".editorconfig" />
    <File Path="README.md" />
  </Folder>
  <Project Path="Challenge.CLI/Challenge.CLI.csproj">
    <Platform Project="x64" />
  </Project>
  <Project Path="Challenge.Collections/Challenge.Collections.csproj">
    <Platform Project="x64" />
  </Project>
  <Project Path="Challenge.Generator/Challenge.Generator.csproj">
    <Platform Project="x64" />
  </Project>
  <Project Path="Challenge.Maths/Challenge.Maths.csproj">
    <Platform Project="x64" />
  </Project>
  <Project Path="Challenge.Solvers.Attributes/Challenge.Solvers.Attributes.csproj">
    <Platform Project="x64" />
  </Project>
  <Project Path="Challenge.Solvers/Challenge.Solvers.csproj">
    <Platform Project="x64" />
  </Project>
  <Project Path="Challenge.Utils/Challenge.Utils.csproj">
    <Platform Project="x64" />
  </Project>
</Solution>
